
Microsoft Visual Studio Solution File, Format Version 12.00
# Visual Studio Version 17
VisualStudioVersion = 17.11.35222.181
MinimumVisualStudioVersion = 10.0.40219.1
Project("{8BC9CEB8-8B4A-11D0-8D11-00A0C91BC942}") = "NetworkProgramming", "Project2\Project2.vcxproj", "{BCD0BDA1-232B-4657-8FFF-0C8888D9AFAB}"
EndProject
Project("{8BC9CEB8-8B4A-11D0-8D11-00A0C91BC942}") = "Ch06_CriticalSection", "Ch06_CriticalSection\Ch06_CriticalSection.vcxproj", "{383CF85C-6A7F-46E3-ACCF-F6846676C24E}"
EndProject
Project("{8BC9CEB8-8B4A-11D0-8D11-00A0C91BC942}") = "Ch06_Events", "Ch06_Events\Ch06_Events.vcxproj", "{90D1AFFD-11E5-4860-B1EB-3996B7E1AB5B}"
EndProject
Project("{8BC9CEB8-8B4A-11D0-8D11-00A0C91BC942}") = "Ch08_UDP_Client", "Ch08_UDP_Client\Ch08_UDP_Client.vcxproj", "{53BD4A9D-0703-4C5E-B370-E78269FF5963}"
EndProject
Project("{8BC9CEB8-8B4A-11D0-8D11-00A0C91BC942}") = "Ch08_UDP_Server", "Ch08_UDP_Server\Ch08_UDP_Server.vcxproj", "{9EFCD383-3733-4D8D-BA54-386E3884DC97}"
EndProject
Project("{8BC9CEB8-8B4A-11D0-8D11-00A0C91BC942}") = "Ch08_BroadcastReceiver", "Ch08_BroadcastReceiver\Ch08_BroadcastReceiver.vcxproj", "{5BFB1607-9CEB-40E4-AF6E-F1FCC598C4C5}"
EndProject
Project("{8BC9CEB8-8B4A-11D0-8D11-00A0C91BC942}") = "Ch08_BroadcastSender", "Ch08_BroadcastSender\Ch08_BroadcastSender.vcxproj", "{479B558C-61F3-4C7F-B768-130BA118AB67}"
EndProject
Project("{8BC9CEB8-8B4A-11D0-8D11-00A0C91BC942}") = "Ch06_Assignment", "Ch06_Assignment\Ch06_Assignment.vcxproj", "{5860EDA9-0B87-43A9-9BCC-3A0932F489DD}"
EndProject
Project("{8BC9CEB8-8B4A-11D0-8D11-00A0C91BC942}") = "Ch09_TCPServer_Shutdown", "Ch09_TCPServer_Shutdown\Ch09_TCPServer_Shutdown.vcxproj", "{8DD5DF0D-A693-460D-A283-EE7EDE9E8DED}"
EndProject
Project("{8BC9CEB8-8B4A-11D0-8D11-00A0C91BC942}") = "Ch09_TCPClient_Shutdown", "Ch09_TCPClient_Shutdown\Ch09_TCPClient_Shutdown.vcxproj", "{3F1D5B08-C1DD-4226-9BE5-476370E017C9}"
EndProject
Project("{8BC9CEB8-8B4A-11D0-8D11-00A0C91BC942}") = "Ch09_TCPSever_SO_RCVBUF", "Ch09_TCPSever_SO_RCVBUF\Ch09_TCPSever_SO_RCVBUF.vcxproj", "{DA9FE764-1797-431D-9F81-005966B0E6E5}"
EndProject
Project("{8BC9CEB8-8B4A-11D0-8D11-00A0C91BC942}") = "Ch09_UDPClient_SO_RCVTIMEO", "Ch09_UDPClient_SO_RCVTIMEO\Ch09_UDPClient_SO_RCVTIMEO.vcxproj", "{385FEC67-36AE-443B-BC40-369B29576A1B}"
EndProject
Project("{8BC9CEB8-8B4A-11D0-8D11-00A0C91BC942}") = "Ch09_UDPServer_SO_RCVTIMEO", "Ch09_UDPServer_SO_RCVTIMEO\Ch09_UDPServer_SO_RCVTIMEO.vcxproj", "{EF4ED557-05B0-4F20-9DBB-7E20B2730C19}"
EndProject
Project("{8BC9CEB8-8B4A-11D0-8D11-00A0C91BC942}") = "Ch09_TCPServer_SO_REUSEADDR", "Ch09_TCPServer_SO_REUSEADDR\Ch09_TCPServer_SO_REUSEADDR.vcxproj", "{23246869-97AA-40F9-B4A0-B2636738E5AD}"
EndProject
Project("{8BC9CEB8-8B4A-11D0-8D11-00A0C91BC942}") = "Ch09_MulticastReceiver", "Ch09_MulticastReceiver\Ch09_MulticastReceiver.vcxproj", "{1FD88D9D-50AF-46DD-AAFD-50E65F75EF87}"
EndProject
Project("{8BC9CEB8-8B4A-11D0-8D11-00A0C91BC942}") = "Ch09_MulticastSender", "Ch09_MulticastSender\Ch09_MulticastSender.vcxproj", "{270A8438-9191-4FFE-A4E5-1DC2DA22128B}"
EndProject
Project("{8BC9CEB8-8B4A-11D0-8D11-00A0C91BC942}") = "Ch11_SelectTCPServer", "Ch11_SelectTCPServer\Ch11_SelectTCPServer.vcxproj", "{01895132-30B8-4501-B20A-24D574F078AB}"
EndProject
Global
	GlobalSection(SolutionConfigurationPlatforms) = preSolution
		Debug|x64 = Debug|x64
		Debug|x86 = Debug|x86
		Release|x64 = Release|x64
		Release|x86 = Release|x86
	EndGlobalSection
	GlobalSection(ProjectConfigurationPlatforms) = postSolution
		{BCD0BDA1-232B-4657-8FFF-0C8888D9AFAB}.Debug|x64.ActiveCfg = Debug|x64
		{BCD0BDA1-232B-4657-8FFF-0C8888D9AFAB}.Debug|x64.Build.0 = Debug|x64
		{BCD0BDA1-232B-4657-8FFF-0C8888D9AFAB}.Debug|x86.ActiveCfg = Debug|Win32
		{BCD0BDA1-232B-4657-8FFF-0C8888D9AFAB}.Debug|x86.Build.0 = Debug|Win32
		{BCD0BDA1-232B-4657-8FFF-0C8888D9AFAB}.Release|x64.ActiveCfg = Release|x64
		{BCD0BDA1-232B-4657-8FFF-0C8888D9AFAB}.Release|x64.Build.0 = Release|x64
		{BCD0BDA1-232B-4657-8FFF-0C8888D9AFAB}.Release|x86.ActiveCfg = Release|Win32
		{BCD0BDA1-232B-4657-8FFF-0C8888D9AFAB}.Release|x86.Build.0 = Release|Win32
		{383CF85C-6A7F-46E3-ACCF-F6846676C24E}.Debug|x64.ActiveCfg = Debug|x64
		{383CF85C-6A7F-46E3-ACCF-F6846676C24E}.Debug|x64.Build.0 = Debug|x64
		{383CF85C-6A7F-46E3-ACCF-F6846676C24E}.Debug|x86.ActiveCfg = Debug|Win32
		{383CF85C-6A7F-46E3-ACCF-F6846676C24E}.Debug|x86.Build.0 = Debug|Win32
		{383CF85C-6A7F-46E3-ACCF-F6846676C24E}.Release|x64.ActiveCfg = Release|x64
		{383CF85C-6A7F-46E3-ACCF-F6846676C24E}.Release|x64.Build.0 = Release|x64
		{383CF85C-6A7F-46E3-ACCF-F6846676C24E}.Release|x86.ActiveCfg = Release|Win32
		{383CF85C-6A7F-46E3-ACCF-F6846676C24E}.Release|x86.Build.0 = Release|Win32
		{90D1AFFD-11E5-4860-B1EB-3996B7E1AB5B}.Debug|x64.ActiveCfg = Debug|x64
		{90D1AFFD-11E5-4860-B1EB-3996B7E1AB5B}.Debug|x64.Build.0 = Debug|x64
		{90D1AFFD-11E5-4860-B1EB-3996B7E1AB5B}.Debug|x86.ActiveCfg = Debug|Win32
		{90D1AFFD-11E5-4860-B1EB-3996B7E1AB5B}.Debug|x86.Build.0 = Debug|Win32
		{90D1AFFD-11E5-4860-B1EB-3996B7E1AB5B}.Release|x64.ActiveCfg = Release|x64
		{90D1AFFD-11E5-4860-B1EB-3996B7E1AB5B}.Release|x64.Build.0 = Release|x64
		{90D1AFFD-11E5-4860-B1EB-3996B7E1AB5B}.Release|x86.ActiveCfg = Release|Win32
		{90D1AFFD-11E5-4860-B1EB-3996B7E1AB5B}.Release|x86.Build.0 = Release|Win32
		{53BD4A9D-0703-4C5E-B370-E78269FF5963}.Debug|x64.ActiveCfg = Debug|x64
		{53BD4A9D-0703-4C5E-B370-E78269FF5963}.Debug|x64.Build.0 = Debug|x64
		{53BD4A9D-0703-4C5E-B370-E78269FF5963}.Debug|x86.ActiveCfg = Debug|Win32
		{53BD4A9D-0703-4C5E-B370-E78269FF5963}.Debug|x86.Build.0 = Debug|Win32
		{53BD4A9D-0703-4C5E-B370-E78269FF5963}.Release|x64.ActiveCfg = Release|x64
		{53BD4A9D-0703-4C5E-B370-E78269FF5963}.Release|x64.Build.0 = Release|x64
		{53BD4A9D-0703-4C5E-B370-E78269FF5963}.Release|x86.ActiveCfg = Release|Win32
		{53BD4A9D-0703-4C5E-B370-E78269FF5963}.Release|x86.Build.0 = Release|Win32
		{9EFCD383-3733-4D8D-BA54-386E3884DC97}.Debug|x64.ActiveCfg = Debug|x64
		{9EFCD383-3733-4D8D-BA54-386E3884DC97}.Debug|x64.Build.0 = Debug|x64
		{9EFCD383-3733-4D8D-BA54-386E3884DC97}.Debug|x86.ActiveCfg = Debug|Win32
		{9EFCD383-3733-4D8D-BA54-386E3884DC97}.Debug|x86.Build.0 = Debug|Win32
		{9EFCD383-3733-4D8D-BA54-386E3884DC97}.Release|x64.ActiveCfg = Release|x64
		{9EFCD383-3733-4D8D-BA54-386E3884DC97}.Release|x64.Build.0 = Release|x64
		{9EFCD383-3733-4D8D-BA54-386E3884DC97}.Release|x86.ActiveCfg = Release|Win32
		{9EFCD383-3733-4D8D-BA54-386E3884DC97}.Release|x86.Build.0 = Release|Win32
		{5BFB1607-9CEB-40E4-AF6E-F1FCC598C4C5}.Debug|x64.ActiveCfg = Debug|x64
		{5BFB1607-9CEB-40E4-AF6E-F1FCC598C4C5}.Debug|x64.Build.0 = Debug|x64
		{5BFB1607-9CEB-40E4-AF6E-F1FCC598C4C5}.Debug|x86.ActiveCfg = Debug|Win32
		{5BFB1607-9CEB-40E4-AF6E-F1FCC598C4C5}.Debug|x86.Build.0 = Debug|Win32
		{5BFB1607-9CEB-40E4-AF6E-F1FCC598C4C5}.Release|x64.ActiveCfg = Release|x64
		{5BFB1607-9CEB-40E4-AF6E-F1FCC598C4C5}.Release|x64.Build.0 = Release|x64
		{5BFB1607-9CEB-40E4-AF6E-F1FCC598C4C5}.Release|x86.ActiveCfg = Release|Win32
		{5BFB1607-9CEB-40E4-AF6E-F1FCC598C4C5}.Release|x86.Build.0 = Release|Win32
		{479B558C-61F3-4C7F-B768-130BA118AB67}.Debug|x64.ActiveCfg = Debug|x64
		{479B558C-61F3-4C7F-B768-130BA118AB67}.Debug|x64.Build.0 = Debug|x64
		{479B558C-61F3-4C7F-B768-130BA118AB67}.Debug|x86.ActiveCfg = Debug|Win32
		{479B558C-61F3-4C7F-B768-130BA118AB67}.Debug|x86.Build.0 = Debug|Win32
		{479B558C-61F3-4C7F-B768-130BA118AB67}.Release|x64.ActiveCfg = Release|x64
		{479B558C-61F3-4C7F-B768-130BA118AB67}.Release|x64.Build.0 = Release|x64
		{479B558C-61F3-4C7F-B768-130BA118AB67}.Release|x86.ActiveCfg = Release|Win32
		{479B558C-61F3-4C7F-B768-130BA118AB67}.Release|x86.Build.0 = Release|Win32
		{5860EDA9-0B87-43A9-9BCC-3A0932F489DD}.Debug|x64.ActiveCfg = Debug|x64
		{5860EDA9-0B87-43A9-9BCC-3A0932F489DD}.Debug|x64.Build.0 = Debug|x64
		{5860EDA9-0B87-43A9-9BCC-3A0932F489DD}.Debug|x86.ActiveCfg = Debug|Win32
		{5860EDA9-0B87-43A9-9BCC-3A0932F489DD}.Debug|x86.Build.0 = Debug|Win32
		{5860EDA9-0B87-43A9-9BCC-3A0932F489DD}.Release|x64.ActiveCfg = Release|x64
		{5860EDA9-0B87-43A9-9BCC-3A0932F489DD}.Release|x64.Build.0 = Release|x64
		{5860EDA9-0B87-43A9-9BCC-3A0932F489DD}.Release|x86.ActiveCfg = Release|Win32
		{5860EDA9-0B87-43A9-9BCC-3A0932F489DD}.Release|x86.Build.0 = Release|Win32
		{8DD5DF0D-A693-460D-A283-EE7EDE9E8DED}.Debug|x64.ActiveCfg = Debug|x64
		{8DD5DF0D-A693-460D-A283-EE7EDE9E8DED}.Debug|x64.Build.0 = Debug|x64
		{8DD5DF0D-A693-460D-A283-EE7EDE9E8DED}.Debug|x86.ActiveCfg = Debug|Win32
		{8DD5DF0D-A693-460D-A283-EE7EDE9E8DED}.Debug|x86.Build.0 = Debug|Win32
		{8DD5DF0D-A693-460D-A283-EE7EDE9E8DED}.Release|x64.ActiveCfg = Release|x64
		{8DD5DF0D-A693-460D-A283-EE7EDE9E8DED}.Release|x64.Build.0 = Release|x64
		{8DD5DF0D-A693-460D-A283-EE7EDE9E8DED}.Release|x86.ActiveCfg = Release|Win32
		{8DD5DF0D-A693-460D-A283-EE7EDE9E8DED}.Release|x86.Build.0 = Release|Win32
		{3F1D5B08-C1DD-4226-9BE5-476370E017C9}.Debug|x64.ActiveCfg = Debug|x64
		{3F1D5B08-C1DD-4226-9BE5-476370E017C9}.Debug|x64.Build.0 = Debug|x64
		{3F1D5B08-C1DD-4226-9BE5-476370E017C9}.Debug|x86.ActiveCfg = Debug|Win32
		{3F1D5B08-C1DD-4226-9BE5-476370E017C9}.Debug|x86.Build.0 = Debug|Win32
		{3F1D5B08-C1DD-4226-9BE5-476370E017C9}.Release|x64.ActiveCfg = Release|x64
		{3F1D5B08-C1DD-4226-9BE5-476370E017C9}.Release|x64.Build.0 = Release|x64
		{3F1D5B08-C1DD-4226-9BE5-476370E017C9}.Release|x86.ActiveCfg = Release|Win32
		{3F1D5B08-C1DD-4226-9BE5-476370E017C9}.Release|x86.Build.0 = Release|Win32
		{DA9FE764-1797-431D-9F81-005966B0E6E5}.Debug|x64.ActiveCfg = Debug|x64
		{DA9FE764-1797-431D-9F81-005966B0E6E5}.Debug|x64.Build.0 = Debug|x64
		{DA9FE764-1797-431D-9F81-005966B0E6E5}.Debug|x86.ActiveCfg = Debug|Win32
		{DA9FE764-1797-431D-9F81-005966B0E6E5}.Debug|x86.Build.0 = Debug|Win32
		{DA9FE764-1797-431D-9F81-005966B0E6E5}.Release|x64.ActiveCfg = Release|x64
		{DA9FE764-1797-431D-9F81-005966B0E6E5}.Release|x64.Build.0 = Release|x64
		{DA9FE764-1797-431D-9F81-005966B0E6E5}.Release|x86.ActiveCfg = Release|Win32
		{DA9FE764-1797-431D-9F81-005966B0E6E5}.Release|x86.Build.0 = Release|Win32
		{385FEC67-36AE-443B-BC40-369B29576A1B}.Debug|x64.ActiveCfg = Debug|x64
		{385FEC67-36AE-443B-BC40-369B29576A1B}.Debug|x64.Build.0 = Debug|x64
		{385FEC67-36AE-443B-BC40-369B29576A1B}.Debug|x86.ActiveCfg = Debug|Win32
		{385FEC67-36AE-443B-BC40-369B29576A1B}.Debug|x86.Build.0 = Debug|Win32
		{385FEC67-36AE-443B-BC40-369B29576A1B}.Release|x64.ActiveCfg = Release|x64
		{385FEC67-36AE-443B-BC40-369B29576A1B}.Release|x64.Build.0 = Release|x64
		{385FEC67-36AE-443B-BC40-369B29576A1B}.Release|x86.ActiveCfg = Release|Win32
		{385FEC67-36AE-443B-BC40-369B29576A1B}.Release|x86.Build.0 = Release|Win32
		{EF4ED557-05B0-4F20-9DBB-7E20B2730C19}.Debug|x64.ActiveCfg = Debug|x64
		{EF4ED557-05B0-4F20-9DBB-7E20B2730C19}.Debug|x64.Build.0 = Debug|x64
		{EF4ED557-05B0-4F20-9DBB-7E20B2730C19}.Debug|x86.ActiveCfg = Debug|Win32
		{EF4ED557-05B0-4F20-9DBB-7E20B2730C19}.Debug|x86.Build.0 = Debug|Win32
		{EF4ED557-05B0-4F20-9DBB-7E20B2730C19}.Release|x64.ActiveCfg = Release|x64
		{EF4ED557-05B0-4F20-9DBB-7E20B2730C19}.Release|x64.Build.0 = Release|x64
		{EF4ED557-05B0-4F20-9DBB-7E20B2730C19}.Release|x86.ActiveCfg = Release|Win32
		{EF4ED557-05B0-4F20-9DBB-7E20B2730C19}.Release|x86.Build.0 = Release|Win32
		{23246869-97AA-40F9-B4A0-B2636738E5AD}.Debug|x64.ActiveCfg = Debug|x64
		{23246869-97AA-40F9-B4A0-B2636738E5AD}.Debug|x64.Build.0 = Debug|x64
		{23246869-97AA-40F9-B4A0-B2636738E5AD}.Debug|x86.ActiveCfg = Debug|Win32
		{23246869-97AA-40F9-B4A0-B2636738E5AD}.Debug|x86.Build.0 = Debug|Win32
		{23246869-97AA-40F9-B4A0-B2636738E5AD}.Release|x64.ActiveCfg = Release|x64
		{23246869-97AA-40F9-B4A0-B2636738E5AD}.Release|x64.Build.0 = Release|x64
		{23246869-97AA-40F9-B4A0-B2636738E5AD}.Release|x86.ActiveCfg = Release|Win32
		{23246869-97AA-40F9-B4A0-B2636738E5AD}.Release|x86.Build.0 = Release|Win32
		{1FD88D9D-50AF-46DD-AAFD-50E65F75EF87}.Debug|x64.ActiveCfg = Debug|x64
		{1FD88D9D-50AF-46DD-AAFD-50E65F75EF87}.Debug|x64.Build.0 = Debug|x64
		{1FD88D9D-50AF-46DD-AAFD-50E65F75EF87}.Debug|x86.ActiveCfg = Debug|Win32
		{1FD88D9D-50AF-46DD-AAFD-50E65F75EF87}.Debug|x86.Build.0 = Debug|Win32
		{1FD88D9D-50AF-46DD-AAFD-50E65F75EF87}.Release|x64.ActiveCfg = Release|x64
		{1FD88D9D-50AF-46DD-AAFD-50E65F75EF87}.Release|x64.Build.0 = Release|x64
		{1FD88D9D-50AF-46DD-AAFD-50E65F75EF87}.Release|x86.ActiveCfg = Release|Win32
		{1FD88D9D-50AF-46DD-AAFD-50E65F75EF87}.Release|x86.Build.0 = Release|Win32
		{270A8438-9191-4FFE-A4E5-1DC2DA22128B}.Debug|x64.ActiveCfg = Debug|x64
		{270A8438-9191-4FFE-A4E5-1DC2DA22128B}.Debug|x64.Build.0 = Debug|x64
		{270A8438-9191-4FFE-A4E5-1DC2DA22128B}.Debug|x86.ActiveCfg = Debug|Win32
		{270A8438-9191-4FFE-A4E5-1DC2DA22128B}.Debug|x86.Build.0 = Debug|Win32
		{270A8438-9191-4FFE-A4E5-1DC2DA22128B}.Release|x64.ActiveCfg = Release|x64
		{270A8438-9191-4FFE-A4E5-1DC2DA22128B}.Release|x64.Build.0 = Release|x64
		{270A8438-9191-4FFE-A4E5-1DC2DA22128B}.Release|x86.ActiveCfg = Release|Win32
		{270A8438-9191-4FFE-A4E5-1DC2DA22128B}.Release|x86.Build.0 = Release|Win32
		{01895132-30B8-4501-B20A-24D574F078AB}.Debug|x64.ActiveCfg = Debug|x64
		{01895132-30B8-4501-B20A-24D574F078AB}.Debug|x64.Build.0 = Debug|x64
		{01895132-30B8-4501-B20A-24D574F078AB}.Debug|x86.ActiveCfg = Debug|Win32
		{01895132-30B8-4501-B20A-24D574F078AB}.Debug|x86.Build.0 = Debug|Win32
		{01895132-30B8-4501-B20A-24D574F078AB}.Release|x64.ActiveCfg = Release|x64
		{01895132-30B8-4501-B20A-24D574F078AB}.Release|x64.Build.0 = Release|x64
		{01895132-30B8-4501-B20A-24D574F078AB}.Release|x86.ActiveCfg = Release|Win32
		{01895132-30B8-4501-B20A-24D574F078AB}.Release|x86.Build.0 = Release|Win32
	EndGlobalSection
	GlobalSection(SolutionProperties) = preSolution
		HideSolutionNode = FALSE
	EndGlobalSection
	GlobalSection(ExtensibilityGlobals) = postSolution
		SolutionGuid = {A6ADCE01-8FA7-4440-A78D-BB0EE08B16F4}
	EndGlobalSection
EndGlobal
